<?xml version="1.0" encoding="UTF-8" standalone="yes" ?>
<CodeBlocks_project_file>
	<FileVersion major="1" minor="6" />
	<Project>
		<Option title="Dodge" />
		<Option pch_mode="2" />
		<Option compiler="gcc" />
		<Build>
			<Target title="Debug">
				<Option output="bin/Debug/gametry1" prefix_auto="1" extension_auto="1" />
				<Option object_output="obj/Debug/" />
				<Option type="1" />
				<Option compiler="gcc" />
				<Compiler>
					<Add option="-g" />
				</Compiler>
			</Target>
			<Target title="Release">
				<Option output="bin/Release/gametry1" prefix_auto="1" extension_auto="1" />
				<Option object_output="obj/Release/" />
				<Option type="1" />
				<Option compiler="gcc" />
				<Compiler>
					<Add option="-O2" />
				</Compiler>
				<Linker>
					<Add option="-s" />
				</Linker>
			</Target>
		</Build>
		<Compiler>
			<Add option="-Wall" />
		</Compiler>
		<Unit filename="src/base_Shape.cpp" />
		<Unit filename="src/base_Shape.h" />
		<Unit filename="src/control_Interface.cpp" />
		<Unit filename="src/control_Interface.h" />
		<Unit filename="src/defines.h" />
		<Unit filename="src/main.cpp" />
		<Unit filename="src/mat_funcs.cpp" />
		<Unit filename="src/mat_funcs.h" />
		<Unit filename="src/player_Class.cpp" />
		<Unit filename="src/player_Class.h" />
		<Unit filename="src/shader_Prog.cpp" />
		<Unit filename="src/shader_Prog.h" />
		<Unit filename="src/shape_Object.cpp" />
		<Unit filename="src/shape_Object.h" />
		<Unit filename="src/stb_image.h" />
		<Extensions>
			<code_completion />
			<envvars />
			<debugger />
			<lib_finder disable_auto="1" />
		</Extensions>
	</Project>
</CodeBlocks_project_file>
